// !$*UTF8*$!
{
	archiveVersion = 1;
	classes = {
	};
	objectVersion = 50;
	objects = {

/* Begin PBXBuildFile section */
		D87420A625B60DFC000CF0D0 /* AppDelegate.swift in Sources */ = {isa = PBXBuildFile; fileRef = D87420A525B60DFC000CF0D0 /* AppDelegate.swift */; };
		D87420A825B60DFC000CF0D0 /* SceneDelegate.swift in Sources */ = {isa = PBXBuildFile; fileRef = D87420A725B60DFC000CF0D0 /* SceneDelegate.swift */; };
		D87420AD25B60DFC000CF0D0 /* Main.storyboard in Resources */ = {isa = PBXBuildFile; fileRef = D87420AB25B60DFC000CF0D0 /* Main.storyboard */; };
		D87420B025B60DFC000CF0D0 /* FederalPulse.xcdatamodeld in Sources */ = {isa = PBXBuildFile; fileRef = D87420AE25B60DFC000CF0D0 /* FederalPulse.xcdatamodeld */; };
		D87420B225B60E02000CF0D0 /* Assets.xcassets in Resources */ = {isa = PBXBuildFile; fileRef = D87420B125B60E02000CF0D0 /* Assets.xcassets */; };
		D87420B525B60E02000CF0D0 /* LaunchScreen.storyboard in Resources */ = {isa = PBXBuildFile; fileRef = D87420B325B60E02000CF0D0 /* LaunchScreen.storyboard */; };
		D87420C125B611FF000CF0D0 /* FRBrowserViewController.swift in Sources */ = {isa = PBXBuildFile; fileRef = D87420C025B611FF000CF0D0 /* FRBrowserViewController.swift */; };
		D87420C425B6123A000CF0D0 /* DocumentListTableViewController.swift in Sources */ = {isa = PBXBuildFile; fileRef = D87420C325B6123A000CF0D0 /* DocumentListTableViewController.swift */; };
		D87420C725B612C2000CF0D0 /* DocumentList.swift in Sources */ = {isa = PBXBuildFile; fileRef = D87420C625B612C2000CF0D0 /* DocumentList.swift */; };
		D87420CA25B61555000CF0D0 /* Document.swift in Sources */ = {isa = PBXBuildFile; fileRef = D87420C925B61555000CF0D0 /* Document.swift */; };
		D87420CD25B61560000CF0D0 /* CoreDataStoredDocument.swift in Sources */ = {isa = PBXBuildFile; fileRef = D87420CC25B61560000CF0D0 /* CoreDataStoredDocument.swift */; };
		D87420D025B61570000CF0D0 /* APIParsedDocument.swift in Sources */ = {isa = PBXBuildFile; fileRef = D87420CF25B61570000CF0D0 /* APIParsedDocument.swift */; };
		D87420D325B61A73000CF0D0 /* Backlog.swift in Sources */ = {isa = PBXBuildFile; fileRef = D87420D225B61A73000CF0D0 /* Backlog.swift */; };
		D87420D625B620F3000CF0D0 /* Favorites.swift in Sources */ = {isa = PBXBuildFile; fileRef = D87420D525B620F3000CF0D0 /* Favorites.swift */; };
		D87420D925B62A59000CF0D0 /* FRAPIDocumentList.swift in Sources */ = {isa = PBXBuildFile; fileRef = D87420D825B62A59000CF0D0 /* FRAPIDocumentList.swift */; };
		D87420E025B6325A000CF0D0 /* FRBrowserCategoryTableViewController.swift in Sources */ = {isa = PBXBuildFile; fileRef = D87420DF25B6325A000CF0D0 /* FRBrowserCategoryTableViewController.swift */; };
		D87420E325B63B12000CF0D0 /* FRBrowserTableViewCell.swift in Sources */ = {isa = PBXBuildFile; fileRef = D87420E225B63B12000CF0D0 /* FRBrowserTableViewCell.swift */; };
		D87420E725B64368000CF0D0 /* DocumentTableViewCell.swift in Sources */ = {isa = PBXBuildFile; fileRef = D87420E525B64368000CF0D0 /* DocumentTableViewCell.swift */; };
		D87420E825B64368000CF0D0 /* DocumentTableViewCell.xib in Resources */ = {isa = PBXBuildFile; fileRef = D87420E625B64368000CF0D0 /* DocumentTableViewCell.xib */; };
		D87420EF25B65E82000CF0D0 /* BacklogTableViewController.swift in Sources */ = {isa = PBXBuildFile; fileRef = D87420EE25B65E82000CF0D0 /* BacklogTableViewController.swift */; };
		D87420F225B65E8E000CF0D0 /* FavoritesTableViewController.swift in Sources */ = {isa = PBXBuildFile; fileRef = D87420F125B65E8E000CF0D0 /* FavoritesTableViewController.swift */; };
/* End PBXBuildFile section */

/* Begin PBXFileReference section */
		D87420A225B60DFC000CF0D0 /* FederalPulse.app */ = {isa = PBXFileReference; explicitFileType = wrapper.application; includeInIndex = 0; path = FederalPulse.app; sourceTree = BUILT_PRODUCTS_DIR; };
		D87420A525B60DFC000CF0D0 /* AppDelegate.swift */ = {isa = PBXFileReference; lastKnownFileType = sourcecode.swift; path = AppDelegate.swift; sourceTree = "<group>"; };
		D87420A725B60DFC000CF0D0 /* SceneDelegate.swift */ = {isa = PBXFileReference; lastKnownFileType = sourcecode.swift; path = SceneDelegate.swift; sourceTree = "<group>"; };
		D87420AC25B60DFC000CF0D0 /* Base */ = {isa = PBXFileReference; lastKnownFileType = file.storyboard; name = Base; path = Base.lproj/Main.storyboard; sourceTree = "<group>"; };
		D87420AF25B60DFC000CF0D0 /* FederalPulse.xcdatamodel */ = {isa = PBXFileReference; lastKnownFileType = wrapper.xcdatamodel; path = FederalPulse.xcdatamodel; sourceTree = "<group>"; };
		D87420B125B60E02000CF0D0 /* Assets.xcassets */ = {isa = PBXFileReference; lastKnownFileType = folder.assetcatalog; path = Assets.xcassets; sourceTree = "<group>"; };
		D87420B425B60E02000CF0D0 /* Base */ = {isa = PBXFileReference; lastKnownFileType = file.storyboard; name = Base; path = Base.lproj/LaunchScreen.storyboard; sourceTree = "<group>"; };
		D87420B625B60E02000CF0D0 /* Info.plist */ = {isa = PBXFileReference; lastKnownFileType = text.plist.xml; path = Info.plist; sourceTree = "<group>"; };
		D87420C025B611FF000CF0D0 /* FRBrowserViewController.swift */ = {isa = PBXFileReference; lastKnownFileType = sourcecode.swift; path = FRBrowserViewController.swift; sourceTree = "<group>"; };
		D87420C325B6123A000CF0D0 /* DocumentListTableViewController.swift */ = {isa = PBXFileReference; lastKnownFileType = sourcecode.swift; path = DocumentListTableViewController.swift; sourceTree = "<group>"; };
		D87420C625B612C2000CF0D0 /* DocumentList.swift */ = {isa = PBXFileReference; lastKnownFileType = sourcecode.swift; path = DocumentList.swift; sourceTree = "<group>"; };
		D87420C925B61555000CF0D0 /* Document.swift */ = {isa = PBXFileReference; lastKnownFileType = sourcecode.swift; path = Document.swift; sourceTree = "<group>"; };
		D87420CC25B61560000CF0D0 /* CoreDataStoredDocument.swift */ = {isa = PBXFileReference; lastKnownFileType = sourcecode.swift; path = CoreDataStoredDocument.swift; sourceTree = "<group>"; };
		D87420CF25B61570000CF0D0 /* APIParsedDocument.swift */ = {isa = PBXFileReference; lastKnownFileType = sourcecode.swift; path = APIParsedDocument.swift; sourceTree = "<group>"; };
		D87420D225B61A73000CF0D0 /* Backlog.swift */ = {isa = PBXFileReference; lastKnownFileType = sourcecode.swift; path = Backlog.swift; sourceTree = "<group>"; };
		D87420D525B620F3000CF0D0 /* Favorites.swift */ = {isa = PBXFileReference; lastKnownFileType = sourcecode.swift; path = Favorites.swift; sourceTree = "<group>"; };
		D87420D825B62A59000CF0D0 /* FRAPIDocumentList.swift */ = {isa = PBXFileReference; lastKnownFileType = sourcecode.swift; path = FRAPIDocumentList.swift; sourceTree = "<group>"; };
		D87420DF25B6325A000CF0D0 /* FRBrowserCategoryTableViewController.swift */ = {isa = PBXFileReference; lastKnownFileType = sourcecode.swift; path = FRBrowserCategoryTableViewController.swift; sourceTree = "<group>"; };
		D87420E225B63B12000CF0D0 /* FRBrowserTableViewCell.swift */ = {isa = PBXFileReference; lastKnownFileType = sourcecode.swift; path = FRBrowserTableViewCell.swift; sourceTree = "<group>"; };
		D87420E525B64368000CF0D0 /* DocumentTableViewCell.swift */ = {isa = PBXFileReference; lastKnownFileType = sourcecode.swift; path = DocumentTableViewCell.swift; sourceTree = "<group>"; };
		D87420E625B64368000CF0D0 /* DocumentTableViewCell.xib */ = {isa = PBXFileReference; lastKnownFileType = file.xib; path = DocumentTableViewCell.xib; sourceTree = "<group>"; };
		D87420EE25B65E82000CF0D0 /* BacklogTableViewController.swift */ = {isa = PBXFileReference; lastKnownFileType = sourcecode.swift; path = BacklogTableViewController.swift; sourceTree = "<group>"; };
		D87420F125B65E8E000CF0D0 /* FavoritesTableViewController.swift */ = {isa = PBXFileReference; lastKnownFileType = sourcecode.swift; path = FavoritesTableViewController.swift; sourceTree = "<group>"; };
/* End PBXFileReference section */

/* Begin PBXFrameworksBuildPhase section */
		D874209F25B60DFC000CF0D0 /* Frameworks */ = {
			isa = PBXFrameworksBuildPhase;
			buildActionMask = 2147483647;
			files = (
			);
			runOnlyForDeploymentPostprocessing = 0;
		};
/* End PBXFrameworksBuildPhase section */

/* Begin PBXGroup section */
		D874209925B60DFC000CF0D0 = {
			isa = PBXGroup;
			children = (
				D87420A425B60DFC000CF0D0 /* FederalPulse */,
				D87420A325B60DFC000CF0D0 /* Products */,
			);
			sourceTree = "<group>";
		};
		D87420A325B60DFC000CF0D0 /* Products */ = {
			isa = PBXGroup;
			children = (
				D87420A225B60DFC000CF0D0 /* FederalPulse.app */,
			);
			name = Products;
			sourceTree = "<group>";
		};
		D87420A425B60DFC000CF0D0 /* FederalPulse */ = {
			isa = PBXGroup;
			children = (
				D87420BF25B611DB000CF0D0 /* Data Model */,
				D87420BE25B611D1000CF0D0 /* View Controllers */,
				D87420A525B60DFC000CF0D0 /* AppDelegate.swift */,
				D87420A725B60DFC000CF0D0 /* SceneDelegate.swift */,
				D87420AB25B60DFC000CF0D0 /* Main.storyboard */,
				D87420B125B60E02000CF0D0 /* Assets.xcassets */,
				D87420B325B60E02000CF0D0 /* LaunchScreen.storyboard */,
				D87420B625B60E02000CF0D0 /* Info.plist */,
				D87420AE25B60DFC000CF0D0 /* FederalPulse.xcdatamodeld */,
				D87420E225B63B12000CF0D0 /* FRBrowserTableViewCell.swift */,
				D87420E525B64368000CF0D0 /* DocumentTableViewCell.swift */,
				D87420E625B64368000CF0D0 /* DocumentTableViewCell.xib */,
			);
			path = FederalPulse;
			sourceTree = "<group>";
		};
		D87420BE25B611D1000CF0D0 /* View Controllers */ = {
			isa = PBXGroup;
			children = (
				D87420C025B611FF000CF0D0 /* FRBrowserViewController.swift */,
				D87420C325B6123A000CF0D0 /* DocumentListTableViewController.swift */,
				D87420DF25B6325A000CF0D0 /* FRBrowserCategoryTableViewController.swift */,
				D87420EE25B65E82000CF0D0 /* BacklogTableViewController.swift */,
				D87420F125B65E8E000CF0D0 /* FavoritesTableViewController.swift */,
			);
			path = "View Controllers";
			sourceTree = "<group>";
		};
		D87420BF25B611DB000CF0D0 /* Data Model */ = {
			isa = PBXGroup;
			children = (
				D87420C625B612C2000CF0D0 /* DocumentList.swift */,
				D87420D225B61A73000CF0D0 /* Backlog.swift */,
				D87420C925B61555000CF0D0 /* Document.swift */,
				D87420CC25B61560000CF0D0 /* CoreDataStoredDocument.swift */,
				D87420CF25B61570000CF0D0 /* APIParsedDocument.swift */,
				D87420D525B620F3000CF0D0 /* Favorites.swift */,
				D87420D825B62A59000CF0D0 /* FRAPIDocumentList.swift */,
			);
			path = "Data Model";
			sourceTree = "<group>";
		};
/* End PBXGroup section */

/* Begin PBXNativeTarget section */
		D87420A125B60DFC000CF0D0 /* FederalPulse */ = {
			isa = PBXNativeTarget;
			buildConfigurationList = D87420B925B60E02000CF0D0 /* Build configuration list for PBXNativeTarget "FederalPulse" */;
			buildPhases = (
				D874209E25B60DFC000CF0D0 /* Sources */,
				D874209F25B60DFC000CF0D0 /* Frameworks */,
				D87420A025B60DFC000CF0D0 /* Resources */,
			);
			buildRules = (
			);
			dependencies = (
			);
			name = FederalPulse;
			productName = FederalPulse;
			productReference = D87420A225B60DFC000CF0D0 /* FederalPulse.app */;
			productType = "com.apple.product-type.application";
		};
/* End PBXNativeTarget section */

/* Begin PBXProject section */
		D874209A25B60DFC000CF0D0 /* Project object */ = {
			isa = PBXProject;
			attributes = {
				LastSwiftUpdateCheck = 1230;
				LastUpgradeCheck = 1230;
				TargetAttributes = {
					D87420A125B60DFC000CF0D0 = {
						CreatedOnToolsVersion = 12.3;
					};
				};
			};
			buildConfigurationList = D874209D25B60DFC000CF0D0 /* Build configuration list for PBXProject "FederalPulse" */;
			compatibilityVersion = "Xcode 9.3";
			developmentRegion = en;
			hasScannedForEncodings = 0;
			knownRegions = (
				en,
				Base,
			);
			mainGroup = D874209925B60DFC000CF0D0;
			productRefGroup = D87420A325B60DFC000CF0D0 /* Products */;
			projectDirPath = "";
			projectRoot = "";
			targets = (
				D87420A125B60DFC000CF0D0 /* FederalPulse */,
			);
		};
/* End PBXProject section */

/* Begin PBXResourcesBuildPhase section */
		D87420A025B60DFC000CF0D0 /* Resources */ = {
			isa = PBXResourcesBuildPhase;
			buildActionMask = 2147483647;
			files = (
				D87420E825B64368000CF0D0 /* DocumentTableViewCell.xib in Resources */,
				D87420B525B60E02000CF0D0 /* LaunchScreen.storyboard in Resources */,
				D87420B225B60E02000CF0D0 /* Assets.xcassets in Resources */,
				D87420AD25B60DFC000CF0D0 /* Main.storyboard in Resources */,
			);
			runOnlyForDeploymentPostprocessing = 0;
		};
/* End PBXResourcesBuildPhase section */

/* Begin PBXSourcesBuildPhase section */
		D874209E25B60DFC000CF0D0 /* Sources */ = {
			isa = PBXSourcesBuildPhase;
			buildActionMask = 2147483647;
			files = (
				D87420C725B612C2000CF0D0 /* DocumentList.swift in Sources */,
				D87420E725B64368000CF0D0 /* DocumentTableViewCell.swift in Sources */,
				D87420B025B60DFC000CF0D0 /* FederalPulse.xcdatamodeld in Sources */,
				D87420D025B61570000CF0D0 /* APIParsedDocument.swift in Sources */,
				D87420F225B65E8E000CF0D0 /* FavoritesTableViewController.swift in Sources */,
				D87420D325B61A73000CF0D0 /* Backlog.swift in Sources */,
				D87420CD25B61560000CF0D0 /* CoreDataStoredDocument.swift in Sources */,
				D87420D625B620F3000CF0D0 /* Favorites.swift in Sources */,
				D87420A625B60DFC000CF0D0 /* AppDelegate.swift in Sources */,
				D87420A825B60DFC000CF0D0 /* SceneDelegate.swift in Sources */,
				D87420C425B6123A000CF0D0 /* DocumentListTableViewController.swift in Sources */,
				D87420EF25B65E82000CF0D0 /* BacklogTableViewController.swift in Sources */,
				D87420CA25B61555000CF0D0 /* Document.swift in Sources */,
				D87420C125B611FF000CF0D0 /* FRBrowserViewController.swift in Sources */,
				D87420E025B6325A000CF0D0 /* FRBrowserCategoryTableViewController.swift in Sources */,
				D87420E325B63B12000CF0D0 /* FRBrowserTableViewCell.swift in Sources */,
				D87420D925B62A59000CF0D0 /* FRAPIDocumentList.swift in Sources */,
			);
			runOnlyForDeploymentPostprocessing = 0;
		};
/* End PBXSourcesBuildPhase section */

/* Begin PBXVariantGroup section */
		D87420AB25B60DFC000CF0D0 /* Main.storyboard */ = {
			isa = PBXVariantGroup;
			children = (
				D87420AC25B60DFC000CF0D0 /* Base */,
			);
			name = Main.storyboard;
			sourceTree = "<group>";
		};
		D87420B325B60E02000CF0D0 /* LaunchScreen.storyboard */ = {
			isa = PBXVariantGroup;
			children = (
				D87420B425B60E02000CF0D0 /* Base */,
			);
			name = LaunchScreen.storyboard;
			sourceTree = "<group>";
		};
/* End PBXVariantGroup section */

/* Begin XCBuildConfiguration section */
		D87420B725B60E02000CF0D0 /* Debug */ = {
			isa = XCBuildConfiguration;
			buildSettings = {
				ALWAYS_SEARCH_USER_PATHS = NO;
				CLANG_ANALYZER_NONNULL = YES;
				CLANG_ANALYZER_NUMBER_OBJECT_CONVERSION = YES_AGGRESSIVE;
				CLANG_CXX_LANGUAGE_STANDARD = "gnu++14";
				CLANG_CXX_LIBRARY = "libc++";
				CLANG_ENABLE_MODULES = YES;
				CLANG_ENABLE_OBJC_ARC = YES;
				CLANG_ENABLE_OBJC_WEAK = YES;
				CLANG_WARN_BLOCK_CAPTURE_AUTORELEASING = YES;
				CLANG_WARN_BOOL_CONVERSION = YES;
				CLANG_WARN_COMMA = YES;
				CLANG_WARN_CONSTANT_CONVERSION = YES;
				CLANG_WARN_DEPRECATED_OBJC_IMPLEMENTATIONS = YES;
				CLANG_WARN_DIRECT_OBJC_ISA_USAGE = YES_ERROR;
				CLANG_WARN_DOCUMENTATION_COMMENTS = YES;
				CLANG_WARN_EMPTY_BODY = YES;
				CLANG_WARN_ENUM_CONVERSION = YES;
				CLANG_WARN_INFINITE_RECURSION = YES;
				CLANG_WARN_INT_CONVERSION = YES;
				CLANG_WARN_NON_LITERAL_NULL_CONVERSION = YES;
				CLANG_WARN_OBJC_IMPLICIT_RETAIN_SELF = YES;
				CLANG_WARN_OBJC_LITERAL_CONVERSION = YES;
				CLANG_WARN_OBJC_ROOT_CLASS = YES_ERROR;
				CLANG_WARN_QUOTED_INCLUDE_IN_FRAMEWORK_HEADER = YES;
				CLANG_WARN_RANGE_LOOP_ANALYSIS = YES;
				CLANG_WARN_STRICT_PROTOTYPES = YES;
				CLANG_WARN_SUSPICIOUS_MOVE = YES;
				CLANG_WARN_UNGUARDED_AVAILABILITY = YES_AGGRESSIVE;
				CLANG_WARN_UNREACHABLE_CODE = YES;
				CLANG_WARN__DUPLICATE_METHOD_MATCH = YES;
				COPY_PHASE_STRIP = NO;
				DEBUG_INFORMATION_FORMAT = dwarf;
				ENABLE_STRICT_OBJC_MSGSEND = YES;
				ENABLE_TESTABILITY = YES;
				GCC_C_LANGUAGE_STANDARD = gnu11;
				GCC_DYNAMIC_NO_PIC = NO;
				GCC_NO_COMMON_BLOCKS = YES;
				GCC_OPTIMIZATION_LEVEL = 0;
				GCC_PREPROCESSOR_DEFINITIONS = (
					"DEBUG=1",
					"$(inherited)",
				);
				GCC_WARN_64_TO_32_BIT_CONVERSION = YES;
				GCC_WARN_ABOUT_RETURN_TYPE = YES_ERROR;
				GCC_WARN_UNDECLARED_SELECTOR = YES;
				GCC_WARN_UNINITIALIZED_AUTOS = YES_AGGRESSIVE;
				GCC_WARN_UNUSED_FUNCTION = YES;
				GCC_WARN_UNUSED_VARIABLE = YES;
				IPHONEOS_DEPLOYMENT_TARGET = 14.3;
				MTL_ENABLE_DEBUG_INFO = INCLUDE_SOURCE;
				MTL_FAST_MATH = YES;
				ONLY_ACTIVE_ARCH = YES;
				SDKROOT = iphoneos;
				SWIFT_ACTIVE_COMPILATION_CONDITIONS = DEBUG;
				SWIFT_OPTIMIZATION_LEVEL = "-Onone";
			};
			name = Debug;
		};
		D87420B825B60E02000CF0D0 /* Release */ = {
			isa = XCBuildConfiguration;
			buildSettings = {
				ALWAYS_SEARCH_USER_PATHS = NO;
				CLANG_ANALYZER_NONNULL = YES;
				CLANG_ANALYZER_NUMBER_OBJECT_CONVERSION = YES_AGGRESSIVE;
				CLANG_CXX_LANGUAGE_STANDARD = "gnu++14";
				CLANG_CXX_LIBRARY = "libc++";
				CLANG_ENABLE_MODULES = YES;
				CLANG_ENABLE_OBJC_ARC = YES;
				CLANG_ENABLE_OBJC_WEAK = YES;
				CLANG_WARN_BLOCK_CAPTURE_AUTORELEASING = YES;
				CLANG_WARN_BOOL_CONVERSION = YES;
				CLANG_WARN_COMMA = YES;
				CLANG_WARN_CONSTANT_CONVERSION = YES;
				CLANG_WARN_DEPRECATED_OBJC_IMPLEMENTATIONS = YES;
				CLANG_WARN_DIRECT_OBJC_ISA_USAGE = YES_ERROR;
				CLANG_WARN_DOCUMENTATION_COMMENTS = YES;
				CLANG_WARN_EMPTY_BODY = YES;
				CLANG_WARN_ENUM_CONVERSION = YES;
				CLANG_WARN_INFINITE_RECURSION = YES;
				CLANG_WARN_INT_CONVERSION = YES;
				CLANG_WARN_NON_LITERAL_NULL_CONVERSION = YES;
				CLANG_WARN_OBJC_IMPLICIT_RETAIN_SELF = YES;
				CLANG_WARN_OBJC_LITERAL_CONVERSION = YES;
				CLANG_WARN_OBJC_ROOT_CLASS = YES_ERROR;
				CLANG_WARN_QUOTED_INCLUDE_IN_FRAMEWORK_HEADER = YES;
				CLANG_WARN_RANGE_LOOP_ANALYSIS = YES;
				CLANG_WARN_STRICT_PROTOTYPES = YES;
				CLANG_WARN_SUSPICIOUS_MOVE = YES;
				CLANG_WARN_UNGUARDED_AVAILABILITY = YES_AGGRESSIVE;
				CLANG_WARN_UNREACHABLE_CODE = YES;
				CLANG_WARN__DUPLICATE_METHOD_MATCH = YES;
				COPY_PHASE_STRIP = NO;
				DEBUG_INFORMATION_FORMAT = "dwarf-with-dsym";
				ENABLE_NS_ASSERTIONS = NO;
				ENABLE_STRICT_OBJC_MSGSEND = YES;
				GCC_C_LANGUAGE_STANDARD = gnu11;
				GCC_NO_COMMON_BLOCKS = YES;
				GCC_WARN_64_TO_32_BIT_CONVERSION = YES;
				GCC_WARN_ABOUT_RETURN_TYPE = YES_ERROR;
				GCC_WARN_UNDECLARED_SELECTOR = YES;
				GCC_WARN_UNINITIALIZED_AUTOS = YES_AGGRESSIVE;
				GCC_WARN_UNUSED_FUNCTION = YES;
				GCC_WARN_UNUSED_VARIABLE = YES;
				IPHONEOS_DEPLOYMENT_TARGET = 14.3;
				MTL_ENABLE_DEBUG_INFO = NO;
				MTL_FAST_MATH = YES;
				SDKROOT = iphoneos;
				SWIFT_COMPILATION_MODE = wholemodule;
				SWIFT_OPTIMIZATION_LEVEL = "-O";
				VALIDATE_PRODUCT = YES;
			};
			name = Release;
		};
		D87420BA25B60E02000CF0D0 /* Debug */ = {
			isa = XCBuildConfiguration;
			buildSettings = {
				ASSETCATALOG_COMPILER_APPICON_NAME = AppIcon;
				ASSETCATALOG_COMPILER_GLOBAL_ACCENT_COLOR_NAME = AccentColor;
				CODE_SIGN_STYLE = Automatic;
				DEVELOPMENT_TEAM = C93A6Z9KNL;
				INFOPLIST_FILE = FederalPulse/Info.plist;
				LD_RUNPATH_SEARCH_PATHS = (
					"$(inherited)",
					"@executable_path/Frameworks",
				);
				PRODUCT_BUNDLE_IDENTIFIER = com.martianpancake.FederalPulse;
				PRODUCT_NAME = "$(TARGET_NAME)";
				SWIFT_VERSION = 5.0;
				TARGETED_DEVICE_FAMILY = "1,2";
			};
			name = Debug;
		};
		D87420BB25B60E02000CF0D0 /* Release */ = {
			isa = XCBuildConfiguration;
			buildSettings = {
				ASSETCATALOG_COMPILER_APPICON_NAME = AppIcon;
				ASSETCATALOG_COMPILER_GLOBAL_ACCENT_COLOR_NAME = AccentColor;
				CODE_SIGN_STYLE = Automatic;
				DEVELOPMENT_TEAM = C93A6Z9KNL;
				INFOPLIST_FILE = FederalPulse/Info.plist;
				LD_RUNPATH_SEARCH_PATHS = (
					"$(inherited)",
					"@executable_path/Frameworks",
				);
				PRODUCT_BUNDLE_IDENTIFIER = com.martianpancake.FederalPulse;
				PRODUCT_NAME = "$(TARGET_NAME)";
				SWIFT_VERSION = 5.0;
				TARGETED_DEVICE_FAMILY = "1,2";
			};
			name = Release;
		};
/* End XCBuildConfiguration section */

/* Begin XCConfigurationList section */
		D874209D25B60DFC000CF0D0 /* Build configuration list for PBXProject "FederalPulse" */ = {
			isa = XCConfigurationList;
			buildConfigurations = (
				D87420B725B60E02000CF0D0 /* Debug */,
				D87420B825B60E02000CF0D0 /* Release */,
			);
			defaultConfigurationIsVisible = 0;
			defaultConfigurationName = Release;
		};
		D87420B925B60E02000CF0D0 /* Build configuration list for PBXNativeTarget "FederalPulse" */ = {
			isa = XCConfigurationList;
			buildConfigurations = (
				D87420BA25B60E02000CF0D0 /* Debug */,
				D87420BB25B60E02000CF0D0 /* Release */,
			);
			defaultConfigurationIsVisible = 0;
			defaultConfigurationName = Release;
		};
/* End XCConfigurationList section */

/* Begin XCVersionGroup section */
		D87420AE25B60DFC000CF0D0 /* FederalPulse.xcdatamodeld */ = {
			isa = XCVersionGroup;
			children = (
				D87420AF25B60DFC000CF0D0 /* FederalPulse.xcdatamodel */,
			);
			currentVersion = D87420AF25B60DFC000CF0D0 /* FederalPulse.xcdatamodel */;
			path = FederalPulse.xcdatamodeld;
			sourceTree = "<group>";
			versionGroupType = wrapper.xcdatamodel;
		};
/* End XCVersionGroup section */
	};
	rootObject = D874209A25B60DFC000CF0D0 /* Project object */;
}
